
Microsoft Visual Studio Solution File, Format Version 12.00
# Visual Studio Version 17
VisualStudioVersion = 17.13.35806.99 d17.13
MinimumVisualStudioVersion = 10.0.40219.1
Project("{FAE04EC0-301F-11D3-BF4B-00C04F79EFBC}") = "HomeWork_WPF_Day1_Task1", "HomeWork_WPF\HomeWork_WPF_Day1_Task1.csproj", "{6DCB18A6-B8C2-4453-BAEF-100C6D5D49D8}"
EndProject
Global
	GlobalSection(SolutionConfigurationPlatforms) = preSolution
		Debug|Any CPU = Debug|Any CPU
		Release|Any CPU = Release|Any CPU
	EndGlobalSection
	GlobalSection(ProjectConfigurationPlatforms) = postSolution
		{6DCB18A6-B8C2-4453-BAEF-100C6D5D49D8}.Debug|Any CPU.ActiveCfg = Debug|Any CPU
		{6DCB18A6-B8C2-4453-BAEF-100C6D5D49D8}.Debug|Any CPU.Build.0 = Debug|Any CPU
		{6DCB18A6-B8C2-4453-BAEF-100C6D5D49D8}.Release|Any CPU.ActiveCfg = Release|Any CPU
		{6DCB18A6-B8C2-4453-BAEF-100C6D5D49D8}.Release|Any CPU.Build.0 = Release|Any CPU
	EndGlobalSection
	GlobalSection(SolutionProperties) = preSolution
		HideSolutionNode = FALSE
	EndGlobalSection
	GlobalSection(ExtensibilityGlobals) = postSolution
		SolutionGuid = {6C3EFB6C-62E7-41B3-BE83-06348F64F241}
	EndGlobalSection
EndGlobal
